Microsoft Visual Studio Solution File, Format Version 12.00
# Visual Studio Version 16
VisualStudioVersion = 16.0.30204.135
MinimumVisualStudioVersion = 10.0.40219.1
Project("{8BC9CEB8-8B4A-11D0-8D11-00A0C91BC942}") = "libpappl1", "libpappl1.vcxproj", "{5435F0D7-04B1-4C78-8713-4F109F507FD1}"
EndProject
Project("{8BC9CEB8-8B4A-11D0-8D11-00A0C91BC942}") = "testpappl", "testpappl.vcxproj", "{9B67ACCB-EE1A-47A0-AEE1-642AF30B2253}"
EndProject
Global
	GlobalSection(SolutionConfigurationPlatforms) = preSolution
		Debug|x64 = Debug|x64
		Debug-Messages|x64 = Debug-Messages|x64
		Release|x64 = Release|x64
	EndGlobalSection
	GlobalSection(ProjectConfigurationPlatforms) = postSolution
		{5435F0D7-04B1-4C78-8713-4F109F507FD1}.Debug|x64.ActiveCfg = Debug|x64
		{5435F0D7-04B1-4C78-8713-4F109F507FD1}.Debug|x64.Build.0 = Debug|x64
		{5435F0D7-04B1-4C78-8713-4F109F507FD1}.Debug-Messages|x64.ActiveCfg = Debug-Messages|x64
		{5435F0D7-04B1-4C78-8713-4F109F507FD1}.Debug-Messages|x64.Build.0 = Debug-Messages|x64
		{5435F0D7-04B1-4C78-8713-4F109F507FD1}.Release|x64.ActiveCfg = Release|x64
		{5435F0D7-04B1-4C78-8713-4F109F507FD1}.Release|x64.Build.0 = Release|x64
		{9B67ACCB-EE1A-47A0-AEE1-642AF30B2253}.Debug|x64.ActiveCfg = Debug|x64
		{9B67ACCB-EE1A-47A0-AEE1-642AF30B2253}.Debug|x64.Build.0 = Debug|x64
		{9B67ACCB-EE1A-47A0-AEE1-642AF30B2253}.Debug-Messages|x64.ActiveCfg = Debug-Messages|x64
		{9B67ACCB-EE1A-47A0-AEE1-642AF30B2253}.Debug-Messages|x64.Build.0 = Debug-Messages|x64
		{9B67ACCB-EE1A-47A0-AEE1-642AF30B2253}.Release|x64.ActiveCfg = Release|x64
		{9B67ACCB-EE1A-47A0-AEE1-642AF30B2253}.Release|x64.Build.0 = Release|x64
	EndGlobalSection
	GlobalSection(SolutionProperties) = preSolution
		HideSolutionNode = FALSE
	EndGlobalSection
	GlobalSection(ExtensibilityGlobals) = postSolution
		SolutionGuid = {32935B57-C6C7-4226-8BEE-63542B7B793F}
	EndGlobalSection
EndGlobal
